
Microsoft Visual Studio Solution File, Format Version 12.00
# Visual Studio 15
VisualStudioVersion = 15.0.28307.645
MinimumVisualStudioVersion = 10.0.40219.1
Project("{FAE04EC0-301F-11D3-BF4B-00C04F79EFBC}") = "RD.PublishTelemetry", "RD.PublishTelemetry\RD.PublishTelemetry.csproj", "{0C5816EC-D95B-4F11-AE33-E1C095E1EF09}"
EndProject
Global
	GlobalSection(SolutionConfigurationPlatforms) = preSolution
		Debug|Any CPU = Debug|Any CPU
		Release|Any CPU = Release|Any CPU
	EndGlobalSection
	GlobalSection(ProjectConfigurationPlatforms) = postSolution
		{0C5816EC-D95B-4F11-AE33-E1C095E1EF09}.Debug|Any CPU.ActiveCfg = Debug|Any CPU
		{0C5816EC-D95B-4F11-AE33-E1C095E1EF09}.Debug|Any CPU.Build.0 = Debug|Any CPU
		{0C5816EC-D95B-4F11-AE33-E1C095E1EF09}.Release|Any CPU.ActiveCfg = Release|Any CPU
		{0C5816EC-D95B-4F11-AE33-E1C095E1EF09}.Release|Any CPU.Build.0 = Release|Any CPU
	EndGlobalSection
	GlobalSection(SolutionProperties) = preSolution
		HideSolutionNode = FALSE
	EndGlobalSection
	GlobalSection(ExtensibilityGlobals) = postSolution
		SolutionGuid = {2F4E7617-582E-44F6-AF4B-B26545981200}
	EndGlobalSection
EndGlobal
